
Microsoft Visual Studio Solution File, Format Version 12.00
# Visual Studio 2012
Project("{2150E333-8FDC-42A3-9474-1A3956D46DE8}") = ".nuget", ".nuget", "{B5955086-C011-4B4D-A1F0-7752083D4FBE}"
	ProjectSection(SolutionItems) = preProject
		.nuget\NuGet.Config = .nuget\NuGet.Config
		.nuget\NuGet.exe = .nuget\NuGet.exe
		.nuget\NuGet.targets = .nuget\NuGet.targets
	EndProjectSection
EndProject
Project("{FAE04EC0-301F-11D3-BF4B-00C04F79EFBC}") = "Sandbox.ResxScriptBundling.Portal", "Sandbox.ResxScriptBundling.Portal\Sandbox.ResxScriptBundling.Portal.csproj", "{E1222E80-7989-4A8D-8ABD-7057A15226F6}"
EndProject
Project("{2150E333-8FDC-42A3-9474-1A3956D46DE8}") = "Solution Items", "Solution Items", "{5C68A134-C26A-4C74-99E1-CEB88ADAFC27}"
	ProjectSection(SolutionItems) = preProject
		..\README.md = ..\README.md
	EndProjectSection
EndProject
Global
	GlobalSection(SolutionConfigurationPlatforms) = preSolution
		Debug|Any CPU = Debug|Any CPU
		Release|Any CPU = Release|Any CPU
	EndGlobalSection
	GlobalSection(ProjectConfigurationPlatforms) = postSolution
		{E1222E80-7989-4A8D-8ABD-7057A15226F6}.Debug|Any CPU.ActiveCfg = Debug|Any CPU
		{E1222E80-7989-4A8D-8ABD-7057A15226F6}.Debug|Any CPU.Build.0 = Debug|Any CPU
		{E1222E80-7989-4A8D-8ABD-7057A15226F6}.Release|Any CPU.ActiveCfg = Release|Any CPU
		{E1222E80-7989-4A8D-8ABD-7057A15226F6}.Release|Any CPU.Build.0 = Release|Any CPU
	EndGlobalSection
	GlobalSection(SolutionProperties) = preSolution
		HideSolutionNode = FALSE
	EndGlobalSection
EndGlobal
